
Microsoft Visual Studio Solution File, Format Version 12.00
# Visual Studio Version 16
VisualStudioVersion = 16.0.30907.101
MinimumVisualStudioVersion = 10.0.40219.1
Project("{FAE04EC0-301F-11D3-BF4B-00C04F79EFBC}") = "lamae.dependency.injection", "lamae.dependency.injection\lamae.dependency.injection.csproj", "{ABE01786-3E38-44DE-A722-ADB647E71C68}"
EndProject
Project("{FAE04EC0-301F-11D3-BF4B-00C04F79EFBC}") = "lamar.dependecy.injection.infrastructor", "lamar.dependecy.injection.infrastructor\lamar.dependecy.injection.infrastructor.csproj", "{740771AC-2701-48E1-837E-52A1AB6089EC}"
EndProject
Project("{FAE04EC0-301F-11D3-BF4B-00C04F79EFBC}") = "lamar.dependecy.injection.domain", "lamar.dependecy.injection.domain\lamar.dependecy.injection.domain.csproj", "{01B6AC11-1597-4BFA-AED0-7D06913F1A7B}"
EndProject
Global
	GlobalSection(SolutionConfigurationPlatforms) = preSolution
		Debug|Any CPU = Debug|Any CPU
		Release|Any CPU = Release|Any CPU
	EndGlobalSection
	GlobalSection(ProjectConfigurationPlatforms) = postSolution
		{ABE01786-3E38-44DE-A722-ADB647E71C68}.Debug|Any CPU.ActiveCfg = Debug|Any CPU
		{ABE01786-3E38-44DE-A722-ADB647E71C68}.Debug|Any CPU.Build.0 = Debug|Any CPU
		{ABE01786-3E38-44DE-A722-ADB647E71C68}.Release|Any CPU.ActiveCfg = Release|Any CPU
		{ABE01786-3E38-44DE-A722-ADB647E71C68}.Release|Any CPU.Build.0 = Release|Any CPU
		{740771AC-2701-48E1-837E-52A1AB6089EC}.Debug|Any CPU.ActiveCfg = Debug|Any CPU
		{740771AC-2701-48E1-837E-52A1AB6089EC}.Debug|Any CPU.Build.0 = Debug|Any CPU
		{740771AC-2701-48E1-837E-52A1AB6089EC}.Release|Any CPU.ActiveCfg = Release|Any CPU
		{740771AC-2701-48E1-837E-52A1AB6089EC}.Release|Any CPU.Build.0 = Release|Any CPU
		{01B6AC11-1597-4BFA-AED0-7D06913F1A7B}.Debug|Any CPU.ActiveCfg = Debug|Any CPU
		{01B6AC11-1597-4BFA-AED0-7D06913F1A7B}.Debug|Any CPU.Build.0 = Debug|Any CPU
		{01B6AC11-1597-4BFA-AED0-7D06913F1A7B}.Release|Any CPU.ActiveCfg = Release|Any CPU
		{01B6AC11-1597-4BFA-AED0-7D06913F1A7B}.Release|Any CPU.Build.0 = Release|Any CPU
	EndGlobalSection
	GlobalSection(SolutionProperties) = preSolution
		HideSolutionNode = FALSE
	EndGlobalSection
	GlobalSection(ExtensibilityGlobals) = postSolution
		SolutionGuid = {2452301D-EE0F-40DC-B9E5-02B185F5C06B}
	EndGlobalSection
EndGlobal
